
Microsoft Visual Studio Solution File, Format Version 12.00
# Visual Studio Version 17
VisualStudioVersion = 17.11.35327.3
MinimumVisualStudioVersion = 10.0.40219.1
Project("{FAE04EC0-301F-11D3-BF4B-00C04F79EFBC}") = "Harinath-Capstone-Project", "Harinath-Capstone-Project\Harinath-Capstone-Project.csproj", "{E269FDDD-99BB-4D82-88C8-B2642B2F33DD}"
EndProject
Global
	GlobalSection(SolutionConfigurationPlatforms) = preSolution
		Debug|Any CPU = Debug|Any CPU
		Release|Any CPU = Release|Any CPU
	EndGlobalSection
	GlobalSection(ProjectConfigurationPlatforms) = postSolution
		{E269FDDD-99BB-4D82-88C8-B2642B2F33DD}.Debug|Any CPU.ActiveCfg = Debug|Any CPU
		{E269FDDD-99BB-4D82-88C8-B2642B2F33DD}.Debug|Any CPU.Build.0 = Debug|Any CPU
		{E269FDDD-99BB-4D82-88C8-B2642B2F33DD}.Release|Any CPU.ActiveCfg = Release|Any CPU
		{E269FDDD-99BB-4D82-88C8-B2642B2F33DD}.Release|Any CPU.Build.0 = Release|Any CPU
	EndGlobalSection
	GlobalSection(SolutionProperties) = preSolution
		HideSolutionNode = FALSE
	EndGlobalSection
	GlobalSection(ExtensibilityGlobals) = postSolution
		SolutionGuid = {552FC8F4-8142-4983-9CB9-8014DC277FE1}
	EndGlobalSection
EndGlobal
